
Microsoft Visual Studio Solution File, Format Version 12.00
# Visual Studio Version 17
VisualStudioVersion = 17.7.34009.444
MinimumVisualStudioVersion = 10.0.40219.1
Project("{FAE04EC0-301F-11D3-BF4B-00C04F79EFBC}") = "Agedna de contactos (Lista enlazada)", "Agedna de contactos (Lista enlazada)\Agedna de contactos (Lista enlazada).csproj", "{1DE492BD-3398-4F2D-9787-A47ABF29DDFC}"
EndProject
Global
	GlobalSection(SolutionConfigurationPlatforms) = preSolution
		Debug|Any CPU = Debug|Any CPU
		Release|Any CPU = Release|Any CPU
	EndGlobalSection
	GlobalSection(ProjectConfigurationPlatforms) = postSolution
		{1DE492BD-3398-4F2D-9787-A47ABF29DDFC}.Debug|Any CPU.ActiveCfg = Debug|Any CPU
		{1DE492BD-3398-4F2D-9787-A47ABF29DDFC}.Debug|Any CPU.Build.0 = Debug|Any CPU
		{1DE492BD-3398-4F2D-9787-A47ABF29DDFC}.Release|Any CPU.ActiveCfg = Release|Any CPU
		{1DE492BD-3398-4F2D-9787-A47ABF29DDFC}.Release|Any CPU.Build.0 = Release|Any CPU
	EndGlobalSection
	GlobalSection(SolutionProperties) = preSolution
		HideSolutionNode = FALSE
	EndGlobalSection
	GlobalSection(ExtensibilityGlobals) = postSolution
		SolutionGuid = {58D66EAE-DAC8-467D-9BD6-9F663E6A2A95}
	EndGlobalSection
EndGlobal
